
Microsoft Visual Studio Solution File, Format Version 12.00
# Visual Studio Version 16
VisualStudioVersion = 16.0.28711.60
MinimumVisualStudioVersion = 10.0.40219.1
Project("{FAE04EC0-301F-11D3-BF4B-00C04F79EFBC}") = "MyShop.Web", "MyShop.Web\MyShop.Web.csproj", "{FA1AAFED-86F2-45F5-8F4C-163A37350F71}"
EndProject
Project("{FAE04EC0-301F-11D3-BF4B-00C04F79EFBC}") = "MyShop.UnitTest", "MyShop.UnitTest\MyShop.UnitTest.csproj", "{E902C8AA-A6F3-4463-B83C-E5C681EE4588}"
EndProject
Project("{FAE04EC0-301F-11D3-BF4B-00C04F79EFBC}") = "MyShop.Common", "MyShop.Common\MyShop.Common.csproj", "{11371138-1F1C-4C39-9409-9FCC6A67C483}"
EndProject
Project("{FAE04EC0-301F-11D3-BF4B-00C04F79EFBC}") = "MyShop.Data", "MyShop.Data\MyShop.Data.csproj", "{80E03FC5-23C2-431E-95DA-9F2588562501}"
EndProject
Project("{FAE04EC0-301F-11D3-BF4B-00C04F79EFBC}") = "MyShop.Model", "MyShop.Model\MyShop.Model.csproj", "{C02133B1-FBF4-445D-8494-D3A727413377}"
EndProject
Project("{FAE04EC0-301F-11D3-BF4B-00C04F79EFBC}") = "MyShop.Service", "MyShop.Service\MyShop.Service.csproj", "{98025097-866F-4DB5-917C-6D6CAEBDB84B}"
EndProject
Global
	GlobalSection(SolutionConfigurationPlatforms) = preSolution
		Debug|Any CPU = Debug|Any CPU
		Release|Any CPU = Release|Any CPU
	EndGlobalSection
	GlobalSection(ProjectConfigurationPlatforms) = postSolution
		{FA1AAFED-86F2-45F5-8F4C-163A37350F71}.Debug|Any CPU.ActiveCfg = Debug|Any CPU
		{FA1AAFED-86F2-45F5-8F4C-163A37350F71}.Debug|Any CPU.Build.0 = Debug|Any CPU
		{FA1AAFED-86F2-45F5-8F4C-163A37350F71}.Release|Any CPU.ActiveCfg = Release|Any CPU
		{FA1AAFED-86F2-45F5-8F4C-163A37350F71}.Release|Any CPU.Build.0 = Release|Any CPU
		{E902C8AA-A6F3-4463-B83C-E5C681EE4588}.Debug|Any CPU.ActiveCfg = Debug|Any CPU
		{E902C8AA-A6F3-4463-B83C-E5C681EE4588}.Debug|Any CPU.Build.0 = Debug|Any CPU
		{E902C8AA-A6F3-4463-B83C-E5C681EE4588}.Release|Any CPU.ActiveCfg = Release|Any CPU
		{E902C8AA-A6F3-4463-B83C-E5C681EE4588}.Release|Any CPU.Build.0 = Release|Any CPU
		{11371138-1F1C-4C39-9409-9FCC6A67C483}.Debug|Any CPU.ActiveCfg = Debug|Any CPU
		{11371138-1F1C-4C39-9409-9FCC6A67C483}.Debug|Any CPU.Build.0 = Debug|Any CPU
		{11371138-1F1C-4C39-9409-9FCC6A67C483}.Release|Any CPU.ActiveCfg = Release|Any CPU
		{11371138-1F1C-4C39-9409-9FCC6A67C483}.Release|Any CPU.Build.0 = Release|Any CPU
		{80E03FC5-23C2-431E-95DA-9F2588562501}.Debug|Any CPU.ActiveCfg = Debug|Any CPU
		{80E03FC5-23C2-431E-95DA-9F2588562501}.Debug|Any CPU.Build.0 = Debug|Any CPU
		{80E03FC5-23C2-431E-95DA-9F2588562501}.Release|Any CPU.ActiveCfg = Release|Any CPU
		{80E03FC5-23C2-431E-95DA-9F2588562501}.Release|Any CPU.Build.0 = Release|Any CPU
		{C02133B1-FBF4-445D-8494-D3A727413377}.Debug|Any CPU.ActiveCfg = Debug|Any CPU
		{C02133B1-FBF4-445D-8494-D3A727413377}.Debug|Any CPU.Build.0 = Debug|Any CPU
		{C02133B1-FBF4-445D-8494-D3A727413377}.Release|Any CPU.ActiveCfg = Release|Any CPU
		{C02133B1-FBF4-445D-8494-D3A727413377}.Release|Any CPU.Build.0 = Release|Any CPU
		{98025097-866F-4DB5-917C-6D6CAEBDB84B}.Debug|Any CPU.ActiveCfg = Debug|Any CPU
		{98025097-866F-4DB5-917C-6D6CAEBDB84B}.Debug|Any CPU.Build.0 = Debug|Any CPU
		{98025097-866F-4DB5-917C-6D6CAEBDB84B}.Release|Any CPU.ActiveCfg = Release|Any CPU
		{98025097-866F-4DB5-917C-6D6CAEBDB84B}.Release|Any CPU.Build.0 = Release|Any CPU
	EndGlobalSection
	GlobalSection(SolutionProperties) = preSolution
		HideSolutionNode = FALSE
	EndGlobalSection
	GlobalSection(ExtensibilityGlobals) = postSolution
		SolutionGuid = {35B6C4E8-4861-4181-8E5A-5363B98C9F82}
	EndGlobalSection
EndGlobal
